
Microsoft Visual Studio Solution File, Format Version 12.00
# Visual Studio Version 16
VisualStudioVersion = 16.0.29709.97
MinimumVisualStudioVersion = 10.0.40219.1
Project("{FAE04EC0-301F-11D3-BF4B-00C04F79EFBC}") = "ConsoleApp4", "ConsoleApp4\ConsoleApp4.csproj", "{9AA22DA6-2744-47A0-B6EB-69874ABE0196}"
EndProject
Global
	GlobalSection(SolutionConfigurationPlatforms) = preSolution
		Debug|Any CPU = Debug|Any CPU
		Release|Any CPU = Release|Any CPU
	EndGlobalSection
	GlobalSection(ProjectConfigurationPlatforms) = postSolution
		{9AA22DA6-2744-47A0-B6EB-69874ABE0196}.Debug|Any CPU.ActiveCfg = Debug|Any CPU
		{9AA22DA6-2744-47A0-B6EB-69874ABE0196}.Debug|Any CPU.Build.0 = Debug|Any CPU
		{9AA22DA6-2744-47A0-B6EB-69874ABE0196}.Release|Any CPU.ActiveCfg = Release|Any CPU
		{9AA22DA6-2744-47A0-B6EB-69874ABE0196}.Release|Any CPU.Build.0 = Release|Any CPU
	EndGlobalSection
	GlobalSection(SolutionProperties) = preSolution
		HideSolutionNode = FALSE
	EndGlobalSection
	GlobalSection(ExtensibilityGlobals) = postSolution
		SolutionGuid = {688A9D5A-0373-469A-9828-0FB089A9B5F3}
	EndGlobalSection
EndGlobal
